
Microsoft Visual Studio Solution File, Format Version 12.00
# Visual Studio Version 17
VisualStudioVersion = 17.14.36518.9 d17.14
MinimumVisualStudioVersion = 10.0.40219.1
Project("{FAE04EC0-301F-11D3-BF4B-00C04F79EFBC}") = "TutorConnect.web", "TutorConnect.web\TutorConnect.web.csproj", "{42784F91-FB5C-4AA5-8989-B65D9A143D77}"
EndProject
Project("{FAE04EC0-301F-11D3-BF4B-00C04F79EFBC}") = "TutorConnect.Core", "TutorConnect.Core\TutorConnect.Core.csproj", "{43BA393B-1FD5-471E-AD7F-3EFE198A5C38}"
EndProject
Project("{FAE04EC0-301F-11D3-BF4B-00C04F79EFBC}") = "TutorConnect.Data", "TutorConnect.Data\TutorConnect.Data.csproj", "{74851064-1242-45AC-91E1-E6D96BAD6FF0}"
EndProject
Project("{FAE04EC0-301F-11D3-BF4B-00C04F79EFBC}") = "TutorConnect.Services", "TutorConnect.Services\TutorConnect.Services.csproj", "{BE166AC0-BFEF-47B9-96D4-34BCA18B7C64}"
EndProject
Global
	GlobalSection(SolutionConfigurationPlatforms) = preSolution
		Debug|Any CPU = Debug|Any CPU
		Release|Any CPU = Release|Any CPU
	EndGlobalSection
	GlobalSection(ProjectConfigurationPlatforms) = postSolution
		{42784F91-FB5C-4AA5-8989-B65D9A143D77}.Debug|Any CPU.ActiveCfg = Debug|Any CPU
		{42784F91-FB5C-4AA5-8989-B65D9A143D77}.Debug|Any CPU.Build.0 = Debug|Any CPU
		{42784F91-FB5C-4AA5-8989-B65D9A143D77}.Release|Any CPU.ActiveCfg = Release|Any CPU
		{42784F91-FB5C-4AA5-8989-B65D9A143D77}.Release|Any CPU.Build.0 = Release|Any CPU
		{43BA393B-1FD5-471E-AD7F-3EFE198A5C38}.Debug|Any CPU.ActiveCfg = Debug|Any CPU
		{43BA393B-1FD5-471E-AD7F-3EFE198A5C38}.Debug|Any CPU.Build.0 = Debug|Any CPU
		{43BA393B-1FD5-471E-AD7F-3EFE198A5C38}.Release|Any CPU.ActiveCfg = Release|Any CPU
		{43BA393B-1FD5-471E-AD7F-3EFE198A5C38}.Release|Any CPU.Build.0 = Release|Any CPU
		{74851064-1242-45AC-91E1-E6D96BAD6FF0}.Debug|Any CPU.ActiveCfg = Debug|Any CPU
		{74851064-1242-45AC-91E1-E6D96BAD6FF0}.Debug|Any CPU.Build.0 = Debug|Any CPU
		{74851064-1242-45AC-91E1-E6D96BAD6FF0}.Release|Any CPU.ActiveCfg = Release|Any CPU
		{74851064-1242-45AC-91E1-E6D96BAD6FF0}.Release|Any CPU.Build.0 = Release|Any CPU
		{BE166AC0-BFEF-47B9-96D4-34BCA18B7C64}.Debug|Any CPU.ActiveCfg = Debug|Any CPU
		{BE166AC0-BFEF-47B9-96D4-34BCA18B7C64}.Debug|Any CPU.Build.0 = Debug|Any CPU
		{BE166AC0-BFEF-47B9-96D4-34BCA18B7C64}.Release|Any CPU.ActiveCfg = Release|Any CPU
		{BE166AC0-BFEF-47B9-96D4-34BCA18B7C64}.Release|Any CPU.Build.0 = Release|Any CPU
	EndGlobalSection
	GlobalSection(SolutionProperties) = preSolution
		HideSolutionNode = FALSE
	EndGlobalSection
	GlobalSection(ExtensibilityGlobals) = postSolution
		SolutionGuid = {B220C1CC-03AF-489A-9A74-640CF48C5B10}
	EndGlobalSection
EndGlobal
